
Microsoft Visual Studio Solution File, Format Version 12.00
# Visual Studio Version 16
VisualStudioVersion = 16.0.30114.105
MinimumVisualStudioVersion = 10.0.40219.1
Project("{FAE04EC0-301F-11D3-BF4B-00C04F79EFBC}") = "R5T.Z0001.Construction", "R5T.Z0001.Construction\R5T.Z0001.Construction.csproj", "{26BC7C11-0C1F-4734-9577-795E0EF32768}"
EndProject
Project("{FAE04EC0-301F-11D3-BF4B-00C04F79EFBC}") = "R5T.Z0001", "R5T.Z0001\R5T.Z0001.csproj", "{E452BF40-41CB-444C-86B8-33F33106B293}"
EndProject
Global
	GlobalSection(SolutionConfigurationPlatforms) = preSolution
		Debug|Any CPU = Debug|Any CPU
		Debug|x64 = Debug|x64
		Debug|x86 = Debug|x86
		Release|Any CPU = Release|Any CPU
		Release|x64 = Release|x64
		Release|x86 = Release|x86
	EndGlobalSection
	GlobalSection(SolutionProperties) = preSolution
		HideSolutionNode = FALSE
	EndGlobalSection
	GlobalSection(ProjectConfigurationPlatforms) = postSolution
		{26BC7C11-0C1F-4734-9577-795E0EF32768}.Debug|Any CPU.ActiveCfg = Debug|Any CPU
		{26BC7C11-0C1F-4734-9577-795E0EF32768}.Debug|Any CPU.Build.0 = Debug|Any CPU
		{26BC7C11-0C1F-4734-9577-795E0EF32768}.Debug|x64.ActiveCfg = Debug|Any CPU
		{26BC7C11-0C1F-4734-9577-795E0EF32768}.Debug|x64.Build.0 = Debug|Any CPU
		{26BC7C11-0C1F-4734-9577-795E0EF32768}.Debug|x86.ActiveCfg = Debug|Any CPU
		{26BC7C11-0C1F-4734-9577-795E0EF32768}.Debug|x86.Build.0 = Debug|Any CPU
		{26BC7C11-0C1F-4734-9577-795E0EF32768}.Release|Any CPU.ActiveCfg = Release|Any CPU
		{26BC7C11-0C1F-4734-9577-795E0EF32768}.Release|Any CPU.Build.0 = Release|Any CPU
		{26BC7C11-0C1F-4734-9577-795E0EF32768}.Release|x64.ActiveCfg = Release|Any CPU
		{26BC7C11-0C1F-4734-9577-795E0EF32768}.Release|x64.Build.0 = Release|Any CPU
		{26BC7C11-0C1F-4734-9577-795E0EF32768}.Release|x86.ActiveCfg = Release|Any CPU
		{26BC7C11-0C1F-4734-9577-795E0EF32768}.Release|x86.Build.0 = Release|Any CPU
		{E452BF40-41CB-444C-86B8-33F33106B293}.Debug|Any CPU.ActiveCfg = Debug|Any CPU
		{E452BF40-41CB-444C-86B8-33F33106B293}.Debug|Any CPU.Build.0 = Debug|Any CPU
		{E452BF40-41CB-444C-86B8-33F33106B293}.Debug|x64.ActiveCfg = Debug|Any CPU
		{E452BF40-41CB-444C-86B8-33F33106B293}.Debug|x64.Build.0 = Debug|Any CPU
		{E452BF40-41CB-444C-86B8-33F33106B293}.Debug|x86.ActiveCfg = Debug|Any CPU
		{E452BF40-41CB-444C-86B8-33F33106B293}.Debug|x86.Build.0 = Debug|Any CPU
		{E452BF40-41CB-444C-86B8-33F33106B293}.Release|Any CPU.ActiveCfg = Release|Any CPU
		{E452BF40-41CB-444C-86B8-33F33106B293}.Release|Any CPU.Build.0 = Release|Any CPU
		{E452BF40-41CB-444C-86B8-33F33106B293}.Release|x64.ActiveCfg = Release|Any CPU
		{E452BF40-41CB-444C-86B8-33F33106B293}.Release|x64.Build.0 = Release|Any CPU
		{E452BF40-41CB-444C-86B8-33F33106B293}.Release|x86.ActiveCfg = Release|Any CPU
		{E452BF40-41CB-444C-86B8-33F33106B293}.Release|x86.Build.0 = Release|Any CPU
	EndGlobalSection
EndGlobal
